
Microsoft Visual Studio Solution File, Format Version 12.00
# Visual Studio Version 17
VisualStudioVersion = 17.11.35222.181
MinimumVisualStudioVersion = 10.0.40219.1
Project("{FAE04EC0-301F-11D3-BF4B-00C04F79EFBC}") = "task3.2complexclass", "task3.2complexclass\task3.2complexclass.csproj", "{98EED5C1-7D47-4EAE-AF8D-B4F7FDFC4C18}"
EndProject
Global
	GlobalSection(SolutionConfigurationPlatforms) = preSolution
		Debug|Any CPU = Debug|Any CPU
		Release|Any CPU = Release|Any CPU
	EndGlobalSection
	GlobalSection(ProjectConfigurationPlatforms) = postSolution
		{98EED5C1-7D47-4EAE-AF8D-B4F7FDFC4C18}.Debug|Any CPU.ActiveCfg = Debug|Any CPU
		{98EED5C1-7D47-4EAE-AF8D-B4F7FDFC4C18}.Debug|Any CPU.Build.0 = Debug|Any CPU
		{98EED5C1-7D47-4EAE-AF8D-B4F7FDFC4C18}.Release|Any CPU.ActiveCfg = Release|Any CPU
		{98EED5C1-7D47-4EAE-AF8D-B4F7FDFC4C18}.Release|Any CPU.Build.0 = Release|Any CPU
	EndGlobalSection
	GlobalSection(SolutionProperties) = preSolution
		HideSolutionNode = FALSE
	EndGlobalSection
	GlobalSection(ExtensibilityGlobals) = postSolution
		SolutionGuid = {2F7DBB04-E072-4C98-8641-33524A21C354}
	EndGlobalSection
EndGlobal
